
Microsoft Visual Studio Solution File, Format Version 12.00
# Visual Studio 15
VisualStudioVersion = 15.0.27428.2027
MinimumVisualStudioVersion = 10.0.40219.1
Project("{FAE04EC0-301F-11D3-BF4B-00C04F79EFBC}") = "OOP1", "OOP1\OOP1.csproj", "{083793DB-AEE6-489F-8208-7FA9CCF633DF}"
EndProject
Global
	GlobalSection(SolutionConfigurationPlatforms) = preSolution
		Debug|Any CPU = Debug|Any CPU
		Release|Any CPU = Release|Any CPU
	EndGlobalSection
	GlobalSection(ProjectConfigurationPlatforms) = postSolution
		{083793DB-AEE6-489F-8208-7FA9CCF633DF}.Debug|Any CPU.ActiveCfg = Debug|Any CPU
		{083793DB-AEE6-489F-8208-7FA9CCF633DF}.Debug|Any CPU.Build.0 = Debug|Any CPU
		{083793DB-AEE6-489F-8208-7FA9CCF633DF}.Release|Any CPU.ActiveCfg = Release|Any CPU
		{083793DB-AEE6-489F-8208-7FA9CCF633DF}.Release|Any CPU.Build.0 = Release|Any CPU
	EndGlobalSection
	GlobalSection(SolutionProperties) = preSolution
		HideSolutionNode = FALSE
	EndGlobalSection
	GlobalSection(ExtensibilityGlobals) = postSolution
		SolutionGuid = {52BFAC71-ED66-4A5C-B09E-791AFBFE47F8}
	EndGlobalSection
EndGlobal
